{
  "name": "jms-scheduler",
  "version": "1.0.0",
  "lockfileVersion": 2,
  "requires": true,
  "packages": {
    "": {
      "name": "jms-scheduler",
      "version": "1.0.0",
      "license": "Apache-2.0",
      "devDependencies": {
        "jms-engine": "github:0LEG0/jms-engine"
      }
    },
    "../jms-engine": {
      "version": "0.1.1",
      "extraneous": true,
      "license": "Apache-2.0"
    },
    "node_modules/jms-engine": {
      "version": "0.1.1",
      "resolved": "git+ssh://git@github.com/0LEG0/jms-engine.git#9fd4d4c54a89947ac66a30b09a6dfcb5d61a982b",
      "dev": true,
      "license": "Apache-2.0"
    }
  },
  "dependencies": {
    "jms-engine": {
      "version": "git+ssh://git@github.com/0LEG0/jms-engine.git#9fd4d4c54a89947ac66a30b09a6dfcb5d61a982b",
      "dev": true,
      "from": "jms-engine@github:0LEG0/jms-engine"
    }
  }
}
